
Microsoft Visual Studio Solution File, Format Version 12.00
# Visual Studio Version 17
VisualStudioVersion = 17.5.33530.505
MinimumVisualStudioVersion = 10.0.40219.1
Project("{FAE04EC0-301F-11D3-BF4B-00C04F79EFBC}") = "ConsoleApp71", "ConsoleApp71\ConsoleApp71.csproj", "{84DBB8D0-BA06-4C40-9003-2614640A7855}"
EndProject
Global
	GlobalSection(SolutionConfigurationPlatforms) = preSolution
		Debug|Any CPU = Debug|Any CPU
		Release|Any CPU = Release|Any CPU
	EndGlobalSection
	GlobalSection(ProjectConfigurationPlatforms) = postSolution
		{84DBB8D0-BA06-4C40-9003-2614640A7855}.Debug|Any CPU.ActiveCfg = Debug|Any CPU
		{84DBB8D0-BA06-4C40-9003-2614640A7855}.Debug|Any CPU.Build.0 = Debug|Any CPU
		{84DBB8D0-BA06-4C40-9003-2614640A7855}.Release|Any CPU.ActiveCfg = Release|Any CPU
		{84DBB8D0-BA06-4C40-9003-2614640A7855}.Release|Any CPU.Build.0 = Release|Any CPU
	EndGlobalSection
	GlobalSection(SolutionProperties) = preSolution
		HideSolutionNode = FALSE
	EndGlobalSection
	GlobalSection(ExtensibilityGlobals) = postSolution
		SolutionGuid = {50A36FFD-6C7B-44B7-B860-6BED6752F931}
	EndGlobalSection
EndGlobal
